version = 1
revision = 3
requires-python = ">=3.13"

[[package]]
name = "bt-dualboot-ng"
version = "2.1.1"
source = { editable = "." }

[package.dev-dependencies]
dev = [
    { name = "pytest" },
    { name = "pytest-cov" },
    { name = "ruff" },
    { name = "syrupy" },
    { name = "time-machine" },
    { name = "ty" },
]

[package.metadata]

[package.metadata.requires-dev]
dev = [
    { name = "pytest" },
    { name = "pytest-cov", specifier = ">=7.1.0" },
    { name = "ruff" },
    { name = "syrupy" },
    { name = "time-machine" },
    { name = "ty" },
]

[[package]]
name = "colorama"
version = "0.4.6"
source = { registry = "https://mirrors.cloud.tencent.com/pypi/simple" }
sdist = { url = "https://mirrors.cloud.tencent.com/pypi/packages/d8/53/6f443c9a4a8358a93a6792e2acffb9d9d5cb0a5cfd8802644b7b1c9a02e4/colorama-0.4.6.tar.gz", hash = "sha256:08695f5cb7ed6e0531a20572697297273c47b8cae5a63ffc6d6ed5c201be6e44" }
wheels = [
    { url = "https://mirrors.cloud.tencent.com/pypi/packages/d1/d6/3965ed04c63042e047cb6a3e6ed1a63a35087b6a609aa3a15ed8ac56c221/colorama-0.4.6-py2.py3-none-any.whl", hash = "sha256:4f1d9991f5acc0ca119f9d443620b77f9d6b33703e51011c16baf57afb285fc6" },
]

[[package]]
name = "coverage"
version = "7.16.1"
source = { registry = "https://mirrors.cloud.tencent.com/pypi/simple" }
sdist = { url = "https://mirrors.cloud.tencent.com/pypi/packages/65/2d/c738872f477f5687152acae68635790387425d407ae37dd3d3a8a6692307/coverage-7.16.1.tar.gz", hash = "sha256:f83981779bcf9dfa06fa0a8d4cb43e0faec1706328ce07aa3e7b665b4ac0f210" }
wheels = [
    { url = "https://mirrors.cloud.tencent.com/pypi/packages/aa/74/c08c0c4dc9fa6bcd1d90728a63660aa1b17b488a806948598456c48f75d1/coverage-7.16.1-cp313-cp313-macosx_10_13_x86_64.whl", hash = "sha256:ee5465db6e9152a7d09f3215309326878c6aa3ac509195a369f9d264ff4bfbd9" },
    { url = "https://mirrors.cloud.tencent.com/pypi/packages/5b/c8/784986d326663285258a8e39835c46fb730cc85284f0dbcd82078586dd22/coverage-7.16.1-cp313-cp313-macosx_11_0_arm64.whl", hash = "sha256:2b8256f8b525ba233d2e4cdcdce0d6673c66fc9bf70df1fd5e67c54a74e2d245" },
    { url = "https://mirrors.cloud.tencent.com/pypi/packages/15/76/73fb792928872bbb07e553f920ff55c65ee962c469265feb5d1d4ae5f97a/coverage-7.16.1-cp313-cp313-manylinux1_i686.manylinux_2_28_i686.manylinux_2_5_i686.whl", hash = "sha256:d57cc400275b9a2892e905fc893f732b21ddb95271bf96406c88e2f6367848b5" },
    { url = "https://mirrors.cloud.tencent.com/pypi/packages/ca/8d/1fd78899513244b065ccecdd1cfc6aa8b8f1bdee796d8c4f2aa8e8e5397d/coverage-7.16.1-cp313-cp313-manylinux1_x86_64.manylinux_2_28_x86_64.manylinux_2_5_x86_64.whl", hash = "sha256:6b3fd0f3435ebb7a7183b32a6062a8b755f08242ced1f3f22761d30b56b3c2a5" },
    { url = "https://mirrors.cloud.tencent.com/pypi/packages/47/1c/b23ddfcb7ef9bd7b3fdb7be9a5dccf9925ae88e556df7aa5b655283c78f2/coverage-7.16.1-cp313-cp313-manylinux2014_aarch64.manylinux_2_17_aarch64.manylinux_2_28_aarch64.whl", hash = "sha256:e5eb1762e7eb5fad34ef913e8107c7788a66f19d328e598ce95bf7217f9e5c8f" },
    { url = "https://mirrors.cloud.tencent.com/pypi/packages/1c/c9/19d0c6ca35778a7e9415c30c46a0c64c9d4374219d004a35563132296896/coverage-7.16.1-cp313-cp313-manylinux2014_ppc64le.manylinux_2_17_ppc64le.manylinux_2_28_ppc64le.whl", hash = "sha256:46cd3a73e9140410de62cceb66214bce0e08fb3922b9176fbfc1522fec151b41" },
    { url = "https://mirrors.cloud.tencent.com/pypi/packages/97/fc/5862f7344382c62b85df43d483e579168cc062e007f54d895dfa51fe3e7d/coverage-7.16.1-cp313-cp313-manylinux_2_31_riscv64.manylinux_2_39_riscv64.whl", hash = "sha256:d1ba5142d68dd2cb775cbd0ac8601819298152047803c8efe4eec6d7d7aa7878" },
    { url = "https://mirrors.cloud.tencent.com/pypi/packages/2e/9f/5c26583199a68df8d15124b4590520903f8eb7cef17db293fea712bb0783/coverage-7.16.1-cp313-cp313-musllinux_1_2_aarch64.whl", hash = "sha256:c389c6f9d1d518e1249ddcb8a7f158135644ce2c508fa6cc17b680777dad5bf2" },
    { url = "https://mirrors.cloud.tencent.com/pypi/packages/95/13/605198bff079b107336710f28a797312ab132587168600d70a290e7ecd2e/coverage-7.16.1-cp313-cp313-musllinux_1_2_i686.whl", hash = "sha256:cdc57746c7ac0ea063351b4d651c3bb4dd4fd35e64dbb8e90c10e14eb03c4080" },
    { url = "https://mirrors.cloud.tencent.com/pypi/packages/43/b7/0bbb32dc5ccdac766a13763fdfbffd7d73fc80349a69230c46c6b71e7508/coverage-7.16.1-cp313-cp313-musllinux_1_2_ppc64le.whl", hash = "sha256:5597180ed7670cc94c04c65347418a467d3a43d5f0cf52fcac647f5425f42037" },
    { url = "https://mirrors.cloud.tencent.com/pypi/packages/13/bd/65c31ddd43ff4e61b63721b3dad17cca412dba6e2ce89f92abdf75734339/coverage-7.16.1-cp313-cp313-musllinux_1_2_riscv64.whl", hash = "sha256:a9647a0ac46255b8fef59a433a2161f03e5483f3a35e1cbd9dfe4600baff0c6b" },
    { url = "https://mirrors.cloud.tencent.com/pypi/packages/25/20/d278115f2ba522b3e3128c6852be265f4e0df7202b2effca4db96cf0217d/coverage-7.16.1-cp313-cp313-musllinux_1_2_x86_64.whl", hash = "sha256:e306e98186b9cd109121f3583aeb7978797ad21d948f22944c5c08845cd554d0" },
    { url = "https://mirrors.cloud.tencent.com/pypi/packages/e1/ca/d43aa396fb3a2f71c9411b99d926475f5acaf5c124f605c592865c80c8d5/coverage-7.16.1-cp313-cp313-win32.whl", hash = "sha256:48a78a66fcce49d7f6156524bf979c0ac633d584199717c68c6ffa949fc14e6a" },
    { url = "https://mirrors.cloud.tencent.com/pypi/packages/0e/30/df2f6114f6a17cffe94721bd1d298f77f86aad493717fa5bc03cb291a1a6/coverage-7.16.1-cp313-cp313-win_amd64.whl", hash = "sha256:7af03247d598a353bbbbe1b925deb735276e4d845e7197c4073dc89352b236fa" },
    { url = "https://mirrors.cloud.tencent.com/pypi/packages/ee/31/6f90d8aab72a112492bd50e3b5485b53b772b1f5fa70da0a620e723caae6/coverage-7.16.1-cp313-cp313-win_arm64.whl", hash = "sha256:166adae25b05b04c9a84135912066d9c97482115af38df1a419a38aacc6b6f5d" },
    { url = "https://mirrors.cloud.tencent.com/pypi/packages/8e/b4/2a7c793965bae9f067aabab793a44d7a2f3ee7fb16b01ce1976bbd4a0218/coverage-7.16.1-cp314-cp314-macosx_10_15_x86_64.whl", hash = "sha256:cc0b37fe6f5ce5f1ccc62ad4fa9b1ad201d8e9b6027fd5e0170877beee4b2d15" },
    { url = "https://mirrors.cloud.tencent.com/pypi/packages/ef/e2/633469076a2dbbea036cc15a268a3a5d6b2c7dd5d9a9567b2553dfc5ad61/coverage-7.16.1-cp314-cp314-macosx_11_0_arm64.whl", hash = "sha256:6618f481053b63fc6121faf8fc676bd9b7163c2a19d9e984a2e850002c28ab57" },
    { url = "https://mirrors.cloud.tencent.com/pypi/packages/de/c3/f06150c13284569d53273b909f31222874276a595637b7852571dfeb2c18/coverage-7.16.1-cp314-cp314-manylinux1_i686.manylinux_2_28_i686.manylinux_2_5_i686.whl", hash = "sha256:fa02d561eb1d8d2f8ba43ba6e3cef4c6c402a3b632a9460fa329fcadcd5df6a3" },
    { url = "https://mirrors.cloud.tencent.com/pypi/packages/d5/40/47e25b215ae18a29010c8e29be8782a6e04d18ba6224be2bf6cebfce6427/coverage-7.16.1-cp314-cp314-manylinux1_x86_64.manylinux_2_28_x86_64.manylinux_2_5_x86_64.whl", hash = "sha256:bc5354a124799f1f87b7637bbe6f18cd4bc66a1f37f6aa2b5db40f9adad531dc" },
    { url = "https://mirrors.cloud.tencent.com/pypi/packages/27/4b/1e2a4267d14cbd12a8489364a9d40020233e6be836d929b363f0e77209e2/coverage-7.16.1-cp314-cp314-manylinux2014_aarch64.manylinux_2_17_aarch64.manylinux_2_28_aarch64.whl", hash = "sha256:34bafe9f4094315248573e6223e11af0ec1b25f9cbca43bf0e9a26a189ba2751" },
    { url = "https://mirrors.cloud.tencent.com/pypi/packages/be/2e/9aa6146cea929fab9185bb2642ffef7f47520a6e5efe407f75f9b12f4cf0/coverage-7.16.1-cp314-cp314-manylinux2014_ppc64le.manylinux_2_17_ppc64le.manylinux_2_28_ppc64le.whl", hash = "sha256:29c4d3e32a3b5efa420a3dc627c7e570deb80ef997def52c7686a474f5edc7ab" },
    { url = "https://mirrors.cloud.tencent.com/pypi/packages/13/3c/f9ad8bcd4fb3d21c9d20a16d6d6c6f999eee8f4498ed7659a3dbd2f4b74a/coverage-7.16.1-cp314-cp314-manylinux_2_31_riscv64.manylinux_2_39_riscv64.whl", hash = "sha256:f2066c447fdd0bca39a9633a082d8ce67bf9a539a203b85059a364a405dc9fe9" },
    { url = "https://mirrors.cloud.tencent.com/pypi/packages/b7/d1/47eda9fd1eaeea39fa7b5b13a63b2bed92ab901841fb120b3f9f5e1dc30c/coverage-7.16.1-cp314-cp314-musllinux_1_2_aarch64.whl", hash = "sha256:fd8ac10cd2458b3c6343aac082fb9bd0e3fa806cb2c4975f2280153474b88412" },
    { url = "https://mirrors.cloud.tencent.com/pypi/packages/38/c3/565edf044877cb8cd3373c56885347ffc38f0edfd1f1679a487b208c19a8/coverage-7.16.1-cp314-cp314-musllinux_1_2_i686.whl", hash = "sha256:9d8c54ec32e5c102b9241f75d88ae26538b53662868ca491736611db448d9c7a" },
    { url = "https://mirrors.cloud.tencent.com/pypi/packages/fd/88/87d2b2aeaba719192b2089ff1c2cf89a06cf73a6d2e9f1f145626617700c/coverage-7.16.1-cp314-cp314-musllinux_1_2_ppc64le.whl", hash = "sha256:6dd8dda3402a01a1a8fe8b753a282466f615128574a5590a9108acd07b1f8540" },
    { url = "https://mirrors.cloud.tencent.com/pypi/packages/fc/1b/70813185b125768abdcf7899fec4d37edc2e5fc9b60c7045c8f4271ec757/coverage-7.16.1-cp314-cp314-musllinux_1_2_riscv64.whl", hash = "sha256:79afa9726438912e5cddd1fe541815cea9763c92935f594835e4c432565b68a9" },
    { url = "https://mirrors.cloud.tencent.com/pypi/packages/d8/fa/e7aa5af279aafda633a1ede8bfd7d6916b0c8b2082be86759e0b52e73a61/coverage-7.16.1-cp314-cp314-musllinux_1_2_x86_64.whl", hash = "sha256:3db3978211c3cead5437a80136ca0556bab8bc7828de15a762884b0598c41361" },
    { url = "https://mirrors.cloud.tencent.com/pypi/packages/38/87/7a894fa4f8c6662d2b6a87a3436950e15b1fa56e01765c9d6634fb2cbeb8/coverage-7.16.1-cp314-cp314-win32.whl", hash = "sha256:49c39c7068a494f8eb427155f5682f44feee43f9b3107fd54b1e52465379c54b" },
    { url = "https://mirrors.cloud.tencent.com/pypi/packages/8b/01/fa7193c8005fb85488f02b0e1cc3c05a233cf2640206dd978af447aeecbf/coverage-7.16.1-cp314-cp314-win_amd64.whl", hash = "sha256:c510dad19552d912058e4c3e3cbec3fb155dbe8d0ce0ceb7e7dbf5c5822bae0b" },
    { url = "https://mirrors.cloud.tencent.com/pypi/packages/da/5c/a08634c714924c3eaef811bb3576c044128aa5e7dfa86c75e52f0761849e/coverage-7.16.1-cp314-cp314-win_arm64.whl", hash = "sha256:b7d4d7e6dcaf33e85f1919f03346403bdcc27437c420a78835f3805bca0ab71f" },
    { url = "https://mirrors.cloud.tencent.com/pypi/packages/43/df/ddb8a4c664046b1a0ee29c9c2d25b993e5dbc8fbde715df3694a64532781/coverage-7.16.1-cp314-cp314t-macosx_10_15_x86_64.whl", hash = "sha256:3d0a3681c12d3e0bcdea3d9414b04087828d6c1a482802d6f7f42c37ed530152" },
    { url = "https://mirrors.cloud.tencent.com/pypi/packages/e2/d0/9076e0c762d8afd91182e60a520fa5c92c4a334785eeb9fd6b8ef8fe7e3c/coverage-7.16.1-cp314-cp314t-macosx_11_0_arm64.whl", hash = "sha256:3f3b4469d3da3ecced775d1a8c9c5d9fc80f259e30b7b89f9fed0700d6035ecb" },
    { url = "https://mirrors.cloud.tencent.com/pypi/packages/03/e5/9c59e64b6161704f35fe91549bb19b2bb355e95caf596c26a2065564807c/coverage-7.16.1-cp314-cp314t-manylinux1_i686.manylinux_2_28_i686.manylinux_2_5_i686.whl", hash = "sha256:c08ae35c1be2fe1ce4b4c628df5c6fc0dc9a87f8e5fe8e20238d249678984741" },
    { url = "https://mirrors.cloud.tencent.com/pypi/packages/57/5a/13ccaffb77f766101bf6f38be9dba9e468b02cc92da4552a57877dbf1c1f/coverage-7.16.1-cp314-cp314t-manylinux1_x86_64.manylinux_2_28_x86_64.manylinux_2_5_x86_64.whl", hash = "sha256:8ee71a38c54bb2676bbe762b8b0943a79ccb1c2fd6a52054f66e63eda392f8c1" },
    { url = "https://mirrors.cloud.tencent.com/pypi/packages/ad/a1/05cfcf01d3c7c922832698ad46e51d3441d820ce87a943014bb5cf5710dd/coverage-7.16.1-cp314-cp314t-manylinux2014_aarch64.manylinux_2_17_aarch64.manylinux_2_28_aarch64.whl", hash = "sha256:76491917771f179f9772efe218c5ccc65950dbdb35f4439298d8a8dfc6ec1f72" },
    { url = "https://mirrors.cloud.tencent.com/pypi/packages/72/15/a2f1544b8e3835d7b769f7dabcc9ac0283e0b646ef3344703ff8f18d83e6/coverage-7.16.1-cp314-cp314t-manylinux2014_ppc64le.manylinux_2_17_ppc64le.manylinux_2_28_ppc64le.whl", hash = "sha256:f4aa0b0a6f81fa3deb211e643f6954e78b4376b62b9c218271236cfa757664e8" },
    { url = "https://mirrors.cloud.tencent.com/pypi/packages/df/5b/963c2993a82bd313f298d663afe03e164b96ace4d9d4c7561740a559e13d/coverage-7.16.1-cp314-cp314t-manylinux_2_31_riscv64.manylinux_2_39_riscv64.whl", hash = "sha256:756ba2d96d073c5a2a55d67fa22784763710fadbe22c41adde2d9cfa4dd78a8c" },
    { url = "https://mirrors.cloud.tencent.com/pypi/packages/12/59/5eba06d1943735d7cd61d46d8c8a20ffe8ddd2da06b3c94366078dadeb9b/coverage-7.16.1-cp314-cp314t-musllinux_1_2_aarch64.whl", hash = "sha256:99bf9ea435cefcefd220f8687c3ddbbf78dc2de0bd11b57c3ae9fbbdf8d5561a" },
    { url = "https://mirrors.cloud.tencent.com/pypi/packages/bd/48/af6c30f6ea431bb9b83f9070d268a9cc4fc97490abd32080164177ea999f/coverage-7.16.1-cp314-cp314t-musllinux_1_2_i686.whl", hash = "sha256:35cbc81f937fc402971df45c897d2df2bfb2014efcd990360032aa0a651635da" },
    { url = "https://mirrors.cloud.tencent.com/pypi/packages/80/f2/6e13852a8656d05fa83284567dd5a5b1e6d89bef79fe3effca2787159eab/coverage-7.16.1-cp314-cp314t-musllinux_1_2_ppc64le.whl", hash = "sha256:8fae08e85b334ac6ac886002b5041396a31bcf805225bbe19847627203da99e2" },
    { url = "https://mirrors.cloud.tencent.com/pypi/packages/c2/32/b4fe465daa64ece674f83a750dfa4ba0fa3c5c74d6ef5dbb8dfce892cf0d/coverage-7.16.1-cp314-cp314t-musllinux_1_2_riscv64.whl", hash = "sha256:83362b64e215ef00b0ba33fcf13655ace6c9fdd144d5ad2ab59ac86c2daf166e" },
    { url = "https://mirrors.cloud.tencent.com/pypi/packages/54/f3/88b5c0e4ca3994c6d5feb7b1bf4c9a62cee205553159184968426930a7b1/coverage-7.16.1-cp314-cp314t-musllinux_1_2_x86_64.whl", hash = "sha256:33300f2e140ccf26af3d8152e62bff71993f9310cfc63ba7a20940b0d246a0ae" },
    { url = "https://mirrors.cloud.tencent.com/pypi/packages/97/72/6eff5456d7ba7f1c4678af531c33f9d957cae3201bd229b056fd13a204a3/coverage-7.16.1-cp314-cp314t-win32.whl", hash = "sha256:5539304fdbb2cc144df684d35a33b81145334d23e1c2367b5a923d25107f70b2" },
    { url = "https://mirrors.cloud.tencent.com/pypi/packages/8e/c8/6e5ae3d8d4d0f2c0078985bf4db55fafd90e8107b1bf91ee3547a13f5694/coverage-7.16.1-cp314-cp314t-win_amd64.whl", hash = "sha256:715dcb72c3280c428c3a20134b87e42c29acec9669136e899ab2de69ca86218d" },
    { url = "https://mirrors.cloud.tencent.com/pypi/packages/be/c7/68f9f0734afc904a92b974b489545b6a15700f3b1c4bd36eae764561e661/coverage-7.16.1-cp314-cp314t-win_arm64.whl", hash = "sha256:dac8b84c03e6029d272b8249c77018db83de59ca009a9adef7c144b4a62ee5e6" },
    { url = "https://mirrors.cloud.tencent.com/pypi/packages/ae/16/e11addf5322d98e86307da9e00c94644b97cb72c534c74cda89705bebeef/coverage-7.16.1-cp315-cp315-macosx_10_15_x86_64.whl", hash = "sha256:a337dc2d54c74430cd2febb8ee04f7c508ba8b3b412bf0463f077a66cfc73743" },
    { url = "https://mirrors.cloud.tencent.com/pypi/packages/92/d9/7ccd6484f615961d94b09c75904f87d86375109596069ae3a495a205dbbe/coverage-7.16.1-cp315-cp315-macosx_11_0_arm64.whl", hash = "sha256:3acd1d78397dead78dd1b011b5fc19cc823c190349acd549e63856dff649c80e" },
    { url = "https://mirrors.cloud.tencent.com/pypi/packages/59/37/2fd78152a557df4a7e4ad78d6851ede90c211838d526e4916c6016f45144/coverage-7.16.1-cp315-cp315-manylinux1_i686.manylinux_2_28_i686.manylinux_2_5_i686.whl", hash = "sha256:73a32694603a34ad01d7e51a481a4023410d8099e1d0757e067945695c10f0ae" },
    { url = "https://mirrors.cloud.tencent.com/pypi/packages/7a/4a/58e2f9b8b13cc422aa7f474a498945ec7f446ef473b5b6bae18d2981f2a9/coverage-7.16.1-cp315-cp315-manylinux1_x86_64.manylinux_2_28_x86_64.manylinux_2_5_x86_64.whl", hash = "sha256:fbbe8265736659a6be2e6042b6a35be13545d14b243cc1d7ecf65f90d788a370" },
    { url = "https://mirrors.cloud.tencent.com/pypi/packages/3c/74/63f8f6a67c03b86455c726be273b2aa5b57fd1122f22350d141bbb142e91/coverage-7.16.1-cp315-cp315-manylinux2014_aarch64.manylinux_2_17_aarch64.manylinux_2_28_aarch64.whl", hash = "sha256:4b0359eb4c62f9993e176bc8f50450fc736a6b90dbcc05bb8584e948812699ae" },
    { url = "https://mirrors.cloud.tencent.com/pypi/packages/e2/3b/1f2261da7483e345fe55de11e41ffc16a543511e37c0912134c0dccc4f6c/coverage-7.16.1-cp315-cp315-manylinux2014_ppc64le.manylinux_2_17_ppc64le.manylinux_2_28_ppc64le.whl", hash = "sha256:da506e669a8a851b59e122b4b219ea70996a6296f44f3a9348a852526ff961de" },
    { url = "https://mirrors.cloud.tencent.com/pypi/packages/a7/8a/7eb1a361e044b7293f49c921a974b532627ed37f3bef5e7e9f58bcd0d5a2/coverage-7.16.1-cp315-cp315-manylinux_2_31_riscv64.manylinux_2_39_riscv64.whl", hash = "sha256:64a2a5985d81810ed605ff0dc4ccd6555efcb5700353825532a9a0aea65826e1" },
    { url = "https://mirrors.cloud.tencent.com/pypi/packages/67/66/6d94f7ea87e99c519def5cfa5d4a1ab20247d6b403eb6e6b5b63d6aa5985/coverage-7.16.1-cp315-cp315-musllinux_1_2_aarch64.whl", hash = "sha256:66d70132b69b861805dc1ca46cdd733e54c416890e8f1371d2fd103f70b59c9c" },
    { url = "https://mirrors.cloud.tencent.com/pypi/packages/3d/52/c3de0a3868589a1463a4f1cb0222eca0e5fa9f91da865ccf20d2e19ec19c/coverage-7.16.1-cp315-cp315-musllinux_1_2_i686.whl", hash = "sha256:db651a9cf325a542bc2b7b8cc8f1b2bdc6492739bae3103731b2f1c85b96cff6" },
    { url = "https://mirrors.cloud.tencent.com/pypi/packages/9e/a3/ea10e75f20fc1e7be10b166a494826a965d19b1dc9c8a81c511a01153311/coverage-7.16.1-cp315-cp315-musllinux_1_2_ppc64le.whl", hash = "sha256:4184e78a4465dcda359fb403172b8951dd220929cb0984c02fabca1742fff06f" },
    { url = "https://mirrors.cloud.tencent.com/pypi/packages/0e/96/9d8020d97de46f0390739beda196322586cdd87e1fc357223e6a28bc4135/coverage-7.16.1-cp315-cp315-musllinux_1_2_riscv64.whl", hash = "sha256:bc53c3f3adaa939b7a063533ffe0ae1259e7073393c618043a99a6970a87e3df" },
    { url = "https://mirrors.cloud.tencent.com/pypi/packages/5b/21/2ff8867d4560f4f639a82d8fcf13c27eea88a96193daba096027c48bb929/coverage-7.16.1-cp315-cp315-musllinux_1_2_x86_64.whl", hash = "sha256:b44308854ef210b9b78df9cdfd4e159513382a859f5ef8464306d14a54c2a040" },
    { url = "https://mirrors.cloud.tencent.com/pypi/packages/6a/4b/feacad51cb5163e3baa13281f8a3098f15d7934cc1f28cfe656557eb4e46/coverage-7.16.1-cp315-cp315-win32.whl", hash = "sha256:dccc142614d3419ed71857deb43f1d757829a4c7fce9994464b71e7e38309827" },
    { url = "https://mirrors.cloud.tencent.com/pypi/packages/39/34/66bbc6ffd3c51fa67604c566920e772c5e3baa57f88dcf7b109c7f18b2cb/coverage-7.16.1-cp315-cp315-win_amd64.whl", hash = "sha256:961fc424e9d5229a99f8f1189942d8e7f4e1519147c3af64842f944aca03914d" },
    { url = "https://mirrors.cloud.tencent.com/pypi/packages/f7/96/4bad920d4caed127c37c136a64b0730fa495517d2eb58809e0d81e6e7dff/coverage-7.16.1-cp315-cp315-win_arm64.whl", hash = "sha256:681a9488c5a234397c4f013da065aa9e53eb7af4c78f1f80c6f15e7208acb855" },
    { url = "https://mirrors.cloud.tencent.com/pypi/packages/f5/2b/a88c7906eeb7da4394e932060d7008e153b3a2cd8d11782d82faa03bb7a3/coverage-7.16.1-cp315-cp315t-macosx_10_15_x86_64.whl", hash = "sha256:8bb09a2d19b04db1fa0e087a7ca4f12458f7e0e7364cfcd838441d86fb1c61f6" },
    { url = "https://mirrors.cloud.tencent.com/pypi/packages/1f/1f/98db59c595680d16f553890deac6d72610e04f192c1964ec9b69cbe790ab/coverage-7.16.1-cp315-cp315t-macosx_11_0_arm64.whl", hash = "sha256:2270a794600b635ca9452ce4c32e2fe81a35f9caa17ffac0eba99f14f275bd4d" },
    { url = "https://mirrors.cloud.tencent.com/pypi/packages/b5/e8/699e236d4cb97ec282b0655afc85acf12349e71a02fff0f1a7d0fb643079/coverage-7.16.1-cp315-cp315t-manylinux1_i686.manylinux_2_28_i686.manylinux_2_5_i686.whl", hash = "sha256:a4eff405b545dfcf79cf0d9d3ff750e5c5a887aa066114175193a81d249c5ee6" },
    { url = "https://mirrors.cloud.tencent.com/pypi/packages/96/1b/6eaa21912863b3e3bf23cfe605fb62929bb1a41dc33d2bfa8e92000232bd/coverage-7.16.1-cp315-cp315t-manylinux1_x86_64.manylinux_2_28_x86_64.manylinux_2_5_x86_64.whl", hash = "sha256:ee1d5fc9e3bd6a217906929cc97880239a91d20dae7746f538eb0eefee705ab1" },
    { url = "https://mirrors.cloud.tencent.com/pypi/packages/9f/ac/4eb46bffa98c28a80559a58c12f17e19308d52b31174af1bd49decf76606/coverage-7.16.1-cp315-cp315t-manylinux2014_aarch64.manylinux_2_17_aarch64.manylinux_2_28_aarch64.whl", hash = "sha256:d4ec944947de098ad5a1738413f9364689a57067ecbc328e9de37218aa1e5cc1" },
    { url = "https://mirrors.cloud.tencent.com/pypi/packages/ed/d4/17a51ef1f6a084c9abbead522cfbee0fe9d29a593128781e724b7a0795b3/coverage-7.16.1-cp315-cp315t-manylinux2014_ppc64le.manylinux_2_17_ppc64le.manylinux_2_28_ppc64le.whl", hash = "sha256:3f73ee3956fde2d461c9e2955dd48166e4821fc8587d135e8780fb84da2a098b" },
    { url = "https://mirrors.cloud.tencent.com/pypi/packages/4a/ff/9fdeba8b8aa0848030f45f869ddedc306795a8c6e53e901b8553afbf5415/coverage-7.16.1-cp315-cp315t-manylinux_2_31_riscv64.manylinux_2_39_riscv64.whl", hash = "sha256:1ec9a4ee989c0d06ad95add0dbfdbb72b00ef53f43431ca0b612384e7878e5de" },
    { url = "https://mirrors.cloud.tencent.com/pypi/packages/95/eb/ab3eb506b2e4dd278440fbbbc7ed18424a86d8a981db0b90fdba66f5d34d/coverage-7.16.1-cp315-cp315t-musllinux_1_2_aarch64.whl", hash = "sha256:7e5727b2508f817f3126d6c33327dda32fe69d15514badfcd61db8bc4209ecef" },
    { url = "https://mirrors.cloud.tencent.com/pypi/packages/d5/0c/f4edefdce33f01954a74237df5ee83ccef5dcd1165e04abf0adf47543fca/coverage-7.16.1-cp315-cp315t-musllinux_1_2_i686.whl", hash = "sha256:19a3ea2f364012ef06678118fffdc92442a16bef4a5c8ad4f4019dd8f9ac8876" },
    { url = "https://mirrors.cloud.tencent.com/pypi/packages/df/86/ce5ed885fc7ce2adc9a5971134ace257d0f84f19c3d117da89c179b9662e/coverage-7.16.1-cp315-cp315t-musllinux_1_2_ppc64le.whl", hash = "sha256:996c2b891b441ec2b39725ee3e8386e2f11b4894b92be225fdfd54a3eeada2c8" },
    { url = "https://mirrors.cloud.tencent.com/pypi/packages/48/a1/5dbd5f95070cece25c6df9e6ea4ded2a87dc695ce82a49bcb2116452b342/coverage-7.16.1-cp315-cp315t-musllinux_1_2_riscv64.whl", hash = "sha256:a125fac1f6b1e88488d208a86b578e1790e3c4937f2e1568d23356141d236220" },
    { url = "https://mirrors.cloud.tencent.com/pypi/packages/8e/ff/254b26f3300f87c7c53ac97da41ae75f0e2ac066aa964bc073c0f3750b38/coverage-7.16.1-cp315-cp315t-musllinux_1_2_x86_64.whl", hash = "sha256:b10095528b866d322d33d6bf1709b7f8cbf959f12e8cb2ba22fc59c8717866b0" },
    { url = "https://mirrors.cloud.tencent.com/pypi/packages/61/20/bf9958f8ddbbf6a2d39da3d4009f33e0fcf19c2d2fd99715c6494cdc8e8c/coverage-7.16.1-cp315-cp315t-win32.whl", hash = "sha256:531d9be377fdcc05593b974656872eb82e808ebeb42a72515e3aaeb8bb7166f5" },
    { url = "https://mirrors.cloud.tencent.com/pypi/packages/35/8f/12d46948704d9e437c8dca2718e5d54ecc2f85396b64b500c29d8dbe10db/coverage-7.16.1-cp315-cp315t-win_amd64.whl", hash = "sha256:46a88f51770df7c9bc376bd57d3f86cdc7624b8e16ac4b585a655c22b7a1b4db" },
    { url = "https://mirrors.cloud.tencent.com/pypi/packages/a5/7f/1ca5fd0601054fce5a3539375b997e67683646e2bf62f60c41e70b529fcc/coverage-7.16.1-cp315-cp315t-win_arm64.whl", hash = "sha256:7580432cbe1e8b762660ae5806f04f869e1c02e519836a43f8094437e561e9f0" },
    { url = "https://mirrors.cloud.tencent.com/pypi/packages/96/1a/d6d16babd0a5fe4c3fae40702158c570351694e74516d8d81b86c5637448/coverage-7.16.1-py3-none-any.whl", hash = "sha256:3d8bd4e58b6a5c2018d808f297905393c6c61da466a48c3f0596a76a4900ebe4" },
]

[[package]]
name = "iniconfig"
version = "2.3.0"
source = { registry = "https://mirrors.cloud.tencent.com/pypi/simple" }
sdist = { url = "https://mirrors.cloud.tencent.com/pypi/packages/72/34/14ca021ce8e5dfedc35312d08ba8bf51fdd999c576889fc2c24cb97f4f10/iniconfig-2.3.0.tar.gz", hash = "sha256:c76315c77db068650d49c5b56314774a7804df16fee4402c1f19d6d15d8c4730" }
wheels = [
    { url = "https://mirrors.cloud.tencent.com/pypi/packages/cb/b1/3846dd7f199d53cb17f49cba7e651e9ce294d8497c8c150530ed11865bb8/iniconfig-2.3.0-py3-none-any.whl", hash = "sha256:f631c04d2c48c52b84d0d0549c99ff3859c98df65b3101406327ecc7d53fbf12" },
]

[[package]]
name = "packaging"
version = "26.3"
source = { registry = "https://mirrors.cloud.tencent.com/pypi/simple" }
sdist = { url = "https://mirrors.cloud.tencent.com/pypi/packages/7d/fa/3944b40b07da9ce895c0e6303a5ab7d53da063554f534556b134a54d6093/packaging-26.3.tar.gz", hash = "sha256:94edc256424af38762eb31306eed28beb9f0efc50a8837492c9d6fd6004aed79" }
wheels = [
    { url = "https://mirrors.cloud.tencent.com/pypi/packages/63/34/ba1c580383c9eada3711951fef0795c80b829a078d72188184bcab9dd527/packaging-26.3-py3-none-any.whl", hash = "sha256:d7193f7c8e4e93f444fde0262bf90af30e16fa0ad0ad44cb553c87339b23cd1c" },
]

[[package]]
name = "pluggy"
version = "1.6.0"
source = { registry = "https://mirrors.cloud.tencent.com/pypi/simple" }
sdist = { url = "https://mirrors.cloud.tencent.com/pypi/packages/f9/e2/3e91f31a7d2b083fe6ef3fa267035b518369d9511ffab804f839851d2779/pluggy-1.6.0.tar.gz", hash = "sha256:7dcc130b76258d33b90f61b658791dede3486c3e6bfb003ee5c9bfb396dd22f3" }
wheels = [
    { url = "https://mirrors.cloud.tencent.com/pypi/packages/54/20/4d324d65cc6d9205fabedc306948156824eb9f0ee1633355a8f7ec5c66bf/pluggy-1.6.0-py3-none-any.whl", hash = "sha256:e920276dd6813095e9377c0bc5566d94c932c33b27a3e3945d8389c374dd4746" },
]

[[package]]
name = "pygments"
version = "2.21.0"
source = { registry = "https://mirrors.cloud.tencent.com/pypi/simple" }
sdist = { url = "https://mirrors.cloud.tencent.com/pypi/packages/49/2e/ced460408999b33da6b31b0021b0f37d329e202d4169aeb164493778f25b/pygments-2.21.0.tar.gz", hash = "sha256:610ca751c9bc2492b38eb9a38a7fbc93edbbb2d7182edaf34e66ae493dee5c8c" }
wheels = [
    { url = "https://mirrors.cloud.tencent.com/pypi/packages/71/46/17f022dd3e953bf20a04a028a21ec746d942f8d2af30fa0f124fa0e6a684/pygments-2.21.0-py3-none-any.whl", hash = "sha256:2363c69b61c4a97c838da3b130dcd6468f4848992b21a82f2a63ec34377137d9" },
]

[[package]]
name = "pytest"
version = "9.1.1"
source = { registry = "https://mirrors.cloud.tencent.com/pypi/simple" }
dependencies = [
    { name = "colorama", marker = "sys_platform == 'win32'" },
    { name = "iniconfig" },
    { name = "packaging" },
    { name = "pluggy" },
    { name = "pygments" },
]
sdist = { url = "https://mirrors.cloud.tencent.com/pypi/packages/e4/47/b9efed96c114afcfa3c9d3fe98a76a1d14c74a9e266d397cf6eb64be5e01/pytest-9.1.1.tar.gz", hash = "sha256:1088fbde8f2b49d95a549a195707afa7a76a3ce9bcadc26b6d71f0ffda5fe313" }
wheels = [
    { url = "https://mirrors.cloud.tencent.com/pypi/packages/24/25/1de2678b631f5a49215c6c96fff41ba892b0a34df68d6d80292b1b48aa7f/pytest-9.1.1-py3-none-any.whl", hash = "sha256:37a86b45efb9a47a61a36449063e8e18d0cab3161329fc099eb21783169c4f0c" },
]

[[package]]
name = "pytest-cov"
version = "7.1.0"
source = { registry = "https://mirrors.cloud.tencent.com/pypi/simple" }
dependencies = [
    { name = "coverage" },
    { name = "pluggy" },
    { name = "pytest" },
]
sdist = { url = "https://mirrors.cloud.tencent.com/pypi/packages/b1/51/a849f96e117386044471c8ec2bd6cfebacda285da9525c9106aeb28da671/pytest_cov-7.1.0.tar.gz", hash = "sha256:30674f2b5f6351aa09702a9c8c364f6a01c27aae0c1366ae8016160d1efc56b2" }
wheels = [
    { url = "https://mirrors.cloud.tencent.com/pypi/packages/9d/7a/d968e294073affff457b041c2be9868a40c1c71f4a35fcc1e45e5493067b/pytest_cov-7.1.0-py3-none-any.whl", hash = "sha256:a0461110b7865f9a271aa1b51e516c9a95de9d696734a2f71e3e78f46e1d4678" },
]

[[package]]
name = "ruff"
version = "0.16.7"
source = { registry = "https://mirrors.cloud.tencent.com/pypi/simple" }
sdist = { url = "https://mirrors.cloud.tencent.com/pypi/packages/82/bb/5a449b9162e49b139d72f61672bd3ac1d790221f796d3304e2241fff4c58/ruff-0.16.7.tar.gz", hash = "sha256:5f71d004ac1263b22fa39462ac5ae618a4b77d58981af2cc79bf79a29c12b1a6" }
wheels = [
    { url = "https://mirrors.cloud.tencent.com/pypi/packages/e3/b2/c80aeeb7f9e469c0d63a85d2f1ab6e1ebfbe10ea7a8d2438b7e09e3ff09e/ruff-0.16.7-py3-none-linux_armv6l.whl", hash = "sha256:727307773e7c7f9181d3ed3a2484186e56c1fa1874255911c74585eb2c7c19f9" },
    { url = "https://mirrors.cloud.tencent.com/pypi/packages/7b/96/20bb7bcae008004df52afcb7ac83432d4a467f2c17b672fe46d26be231c5/ruff-0.16.7-py3-none-macosx_10_12_x86_64.whl", hash = "sha256:9d61c258deabf58f34c67bd4bb4d939c7f2e6b5f0e59c1cdd1cf771b11cde929" },
    { url = "https://mirrors.cloud.tencent.com/pypi/packages/90/b2/f184b0d5abec02db69cfd7e49b688ae0237554528ca777136c613bf36bee/ruff-0.16.7-py3-none-macosx_11_0_arm64.whl", hash = "sha256:7ab81118df8945e0193d0240712aa4496573595b75185c3636ed825592a0f728" },
    { url = "https://mirrors.cloud.tencent.com/pypi/packages/eb/2d/db1633a641866ed801e34cc6b60ef236c5e16f9b2124ab1d49cc24a5fe4f/ruff-0.16.7-py3-none-manylinux_2_17_aarch64.manylinux2014_aarch64.whl", hash = "sha256:4c196c968874fc8019da8e7163de7a1a370f111e2309b4b7dfea0fce950198d0" },
    { url = "https://mirrors.cloud.tencent.com/pypi/packages/4d/98/edea21e1a3e38dbbc3bf6bb068b863b3b06184cf8533a4c7dbbe208a89d5/ruff-0.16.7-py3-none-manylinux_2_17_armv7l.manylinux2014_armv7l.whl", hash = "sha256:ac8c3bd0a7e10ad31e6ce51e7a99f3cb772e69aecdd6b9ea7e99b362f62a62c0" },
    { url = "https://mirrors.cloud.tencent.com/pypi/packages/0b/11/a15e60d4c87b214646f116ca9d204475bf993ee1047459bc9a360fd4d6d1/ruff-0.16.7-py3-none-manylinux_2_17_i686.manylinux2014_i686.whl", hash = "sha256:398d3988edde000b5c75dc1b3f584708da9bc990de069c18909142580fec1af9" },
    { url = "https://mirrors.cloud.tencent.com/pypi/packages/29/42/eaff4c9b6d0c7cdf56df313a17e89ae854f5bbc0b0c8f9cce19be0ab7a8f/ruff-0.16.7-py3-none-manylinux_2_17_ppc64le.manylinux2014_ppc64le.whl", hash = "sha256:ce05b62b770a8217c4646a9c4139fca00efe8fe5d71f87df2b243ff20d4584d1" },
    { url = "https://mirrors.cloud.tencent.com/pypi/packages/5d/43/c75aa59a4ec181fe2ec06cab30e198c1c6d107229a9f008ae3a7c16cabd8/ruff-0.16.7-py3-none-manylinux_2_17_s390x.manylinux2014_s390x.whl", hash = "sha256:af1b576fddb9d9ef2ececfb5fadcd6a624b25070ed85e3cfcfe449fc3ff6a7b9" },
    { url = "https://mirrors.cloud.tencent.com/pypi/packages/21/33/81f3da371942ea031105ba679d8d6e28ec1660ccd690a45f42d381161356/ruff-0.16.7-py3-none-manylinux_2_17_x86_64.manylinux2014_x86_64.whl", hash = "sha256:9ce7f8f22df67c93ed96c717f9128eadb797144ac2bad475cf536f31d6100c55" },
    { url = "https://mirrors.cloud.tencent.com/pypi/packages/fa/0b/6345fb4dbf6dd0ed1cfe5d18391dc9c3f59cc81622a7b0a65b84b3e730ba/ruff-0.16.7-py3-none-manylinux_2_31_riscv64.whl", hash = "sha256:06d0e93d04f392996435ebd600c153f65b47d73fbec2415aa99c5ee5756b3a5f" },
    { url = "https://mirrors.cloud.tencent.com/pypi/packages/3f/4d/c5576adf511f92a328e5569dda190ecdd430da51f1a649f3a4a2fd73e21e/ruff-0.16.7-py3-none-musllinux_1_2_aarch64.whl", hash = "sha256:142151a5e7b93c1b11111337142f89dd2fbfee92161225c99a97222f22e32656" },
    { url = "https://mirrors.cloud.tencent.com/pypi/packages/ff/8c/667d83c16199a17a56adc6b0bd4c3beb5b767a2babcd16a56f76f9be7fd6/ruff-0.16.7-py3-none-musllinux_1_2_armv7l.whl", hash = "sha256:e6651f97a342d8b35d54d8991544ca22169b86dc54111cb604666940c431b750" },
    { url = "https://mirrors.cloud.tencent.com/pypi/packages/99/75/78d401106731999a1dd20cc5a6961e37e1eb9397a3b589f73f3a5ce146a3/ruff-0.16.7-py3-none-musllinux_1_2_i686.whl", hash = "sha256:ef140c6eb935fa9a84c9c607dfb2cb1b85843c192e79265b0c54f35f557ea8e5" },
    { url = "https://mirrors.cloud.tencent.com/pypi/packages/68/49/56f9c3a8b755df93a0ad318b2147bf4ef5dae9a7e5ec61c460109c67957f/ruff-0.16.7-py3-none-musllinux_1_2_x86_64.whl", hash = "sha256:53e39506a730fadeee0d998ed5946f30671f0db240c6c7c73bdabbe33604bb6f" },
    { url = "https://mirrors.cloud.tencent.com/pypi/packages/5f/ea/7f9b938a63ece4bec677ad7f9f7fa02df3383db1949ed93a382441c09a87/ruff-0.16.7-py3-none-win32.whl", hash = "sha256:2ea3470fcebcbc5df2fb0c6f3b90333fa9084c534e0111c038fa4a6ab9f1c4b7" },
    { url = "https://mirrors.cloud.tencent.com/pypi/packages/39/11/480a6973a927aa653e1cead6a6416008640e03a99d05b34c0434b8c6c366/ruff-0.16.7-py3-none-win_amd64.whl", hash = "sha256:7ac26aca826e9e21d0f1cb25b54ac660760a9fdd094d3e4df9848232be98cfc6" },
    { url = "https://mirrors.cloud.tencent.com/pypi/packages/8b/4b/51327018d056f0dad2c2238f26d1fb0f53707a9d91b75dea6d1b3039f136/ruff-0.16.7-py3-none-win_arm64.whl", hash = "sha256:aab7f39e2c9df6c596216070f98eef1207b94f8516cca20c808826974971855b" },
]

[[package]]
name = "syrupy"
version = "6.1.1"
source = { registry = "https://mirrors.cloud.tencent.com/pypi/simple" }
dependencies = [
    { name = "pytest" },
]
sdist = { url = "https://mirrors.cloud.tencent.com/pypi/packages/74/2c/8ffc1414d1951895d0d5b7dc83c0b079ebc48c3bf27ffbb0064646367500/syrupy-6.1.1.tar.gz", hash = "sha256:7e584a8df4ede6dd3c1c44a77f9edc46186b6767a73dea6f0083044946839a59" }
wheels = [
    { url = "https://mirrors.cloud.tencent.com/pypi/packages/2c/b5/bf2a8a335a6a813869dd482cedbcde252f582b5afbfe50eb78ec09962800/syrupy-6.1.1-py3-none-any.whl", hash = "sha256:6ac9ac6a42d70ae44156f5f157a9563b9bb8cc96dcf9364327f330463bff889a" },
]

[[package]]
name = "time-machine"
version = "3.5.1"
source = { registry = "https://mirrors.cloud.tencent.com/pypi/simple" }
sdist = { url = "https://mirrors.cloud.tencent.com/pypi/packages/65/d2/065a4d202d7ba093145e6f803fafd84bdcea41f3ce5f5ee6dacc77330719/time_machine-3.5.1.tar.gz", hash = "sha256:eb2c50404820fde8bfc6a0713b2a0b8eabececfecefde3a5847ae8006037829f" }
wheels = [
    { url = "https://mirrors.cloud.tencent.com/pypi/packages/8e/aa/f2dd3acae3168f5e5076b46c42f52550d39b1b69906f77e81b486721a06a/time_machine-3.5.1-cp313-cp313-macosx_10_13_x86_64.whl", hash = "sha256:31aa239f2e02ec71682eadbf387d43bfe372b9409ff0dd148eca19d736402c73" },
    { url = "https://mirrors.cloud.tencent.com/pypi/packages/41/ce/8aa00371e2e0ced89534e84753a880989794effae19736a9ef9d59934110/time_machine-3.5.1-cp313-cp313-macosx_11_0_arm64.whl", hash = "sha256:cd9252e190b2c6079fd3ec9a7afc26fd26008fee1dc9940714e7d4755668b7ea" },
    { url = "https://mirrors.cloud.tencent.com/pypi/packages/99/fc/970e954e53e0cc3e241fc665b0f797a2708dc680553641942acf61ed6265/time_machine-3.5.1-cp313-cp313-manylinux1_x86_64.manylinux_2_28_x86_64.manylinux_2_5_x86_64.whl", hash = "sha256:8a39af6fad7115e2c9d0deef287645260b096919d8918d52191d80ac31e43525" },
    { url = "https://mirrors.cloud.tencent.com/pypi/packages/2b/e1/e1814122b0ea321e2714f369dd3de8f052eb132097757112a9fe497129cb/time_machine-3.5.1-cp313-cp313-manylinux2014_aarch64.manylinux_2_17_aarch64.manylinux_2_28_aarch64.whl", hash = "sha256:6edb56e4a41b2d717f28fbdc04ac3fc7cff43b2f573e88189d67650680eb672e" },
    { url = "https://mirrors.cloud.tencent.com/pypi/packages/f6/1b/09acb019f25d918c04e470e7a410d5aeffb087b8457d6e0815c576e013ef/time_machine-3.5.1-cp313-cp313-musllinux_1_2_aarch64.whl", hash = "sha256:d4cea8ed128c65fe262cc216a4f46fb6080b745a3013baba188e45992ce673c5" },
    { url = "https://mirrors.cloud.tencent.com/pypi/packages/10/15/c4df8f02cbe773462dd60da9ab263407b4dd06b615350b889b70f6bd49b7/time_machine-3.5.1-cp313-cp313-musllinux_1_2_x86_64.whl", hash = "sha256:c615f45b3668fa2ccd4ad2b81899d22efe4e33d23b3540283922796de57ad37c" },
    { url = "https://mirrors.cloud.tencent.com/pypi/packages/3f/e8/cae3230abdbd7fcf81bbd70c7a1047f07e98a31536db979960dbbdc2b72e/time_machine-3.5.1-cp313-cp313-win_amd64.whl", hash = "sha256:c0a865aca362e645947159f2e0e3022131e591ba113b95f2b355410c36ddcd60" },
    { url = "https://mirrors.cloud.tencent.com/pypi/packages/20/47/224a9428327db95abe9bd52462db744fdc84db61da0cd19df2a611da3afd/time_machine-3.5.1-cp313-cp313-win_arm64.whl", hash = "sha256:27095e90a2b42c2979f40146feb1bbf077dcf6a610889ae5dc36fa015e4fe2ef" },
    { url = "https://mirrors.cloud.tencent.com/pypi/packages/83/ef/67a4edd8f6f981be4424dc7eb086b42ff8886bdb333671d89009d57efed4/time_machine-3.5.1-cp314-cp314-macosx_10_15_x86_64.whl", hash = "sha256:af8f4a7d729c0d8700d826a5c6befef73010ca0a92fb19ac987d040fbca896e2" },
    { url = "https://mirrors.cloud.tencent.com/pypi/packages/82/b3/ec9b5758cdb3392a081d9d2da941bca39901a1709596a88695bb522f5423/time_machine-3.5.1-cp314-cp314-macosx_11_0_arm64.whl", hash = "sha256:2dc5d12a355e4ab2103f3527f014eb2c7fd50693f3f176cd7750c5f6f83b7e86" },
    { url = "https://mirrors.cloud.tencent.com/pypi/packages/b8/a7/e0aa85084621165d659333e5b47755e592bf101a677d8a3e52501a6b3cdd/time_machine-3.5.1-cp314-cp314-manylinux1_x86_64.manylinux_2_28_x86_64.manylinux_2_5_x86_64.whl", hash = "sha256:db80ab6d055a550d5c83f4f55d7c9918fc9531ca3f036c95db02ce266b36ac11" },
    { url = "https://mirrors.cloud.tencent.com/pypi/packages/c3/d3/a2d470d512e8f1753f7fe593a76314878ac06061d189b4594f2c0f9a933d/time_machine-3.5.1-cp314-cp314-manylinux2014_aarch64.manylinux_2_17_aarch64.manylinux_2_28_aarch64.whl", hash = "sha256:4a0c375c0dc8a3f56a30bf044da2437ae4f869e1ba1c0ea9eb9d279e8174ec41" },
    { url = "https://mirrors.cloud.tencent.com/pypi/packages/92/82/a15d3c763e68578e74a0542f0bc08b22179476829bc90cde785d17566871/time_machine-3.5.1-cp314-cp314-musllinux_1_2_aarch64.whl", hash = "sha256:86014c719210389bcfddebd29be3da34651866a7b516648a18f310aaf994b069" },
    { url = "https://mirrors.cloud.tencent.com/pypi/packages/98/44/724ab17ece00036e5260c1411889cc244888a7e5f8af19a76675f9fa6138/time_machine-3.5.1-cp314-cp314-musllinux_1_2_x86_64.whl", hash = "sha256:e49e9ff451a645906d621aba4fb2d22e334215230a94e0e582d67b33e24970fd" },
    { url = "https://mirrors.cloud.tencent.com/pypi/packages/a9/1e/b694ab775fa2d8aa5c42fa68f02e35442531de84103ca2d1ec5c1ca86d96/time_machine-3.5.1-cp314-cp314-win_amd64.whl", hash = "sha256:0f5012ac22f86366b8afd1aa01162f8ce6a7228a23a39168c7039c5cbdb9b08e" },
    { url = "https://mirrors.cloud.tencent.com/pypi/packages/54/fa/1d2c726ccc5492dbe73bbbbb195e34657c666bfaa8277816a0ed6c791c15/time_machine-3.5.1-cp314-cp314-win_arm64.whl", hash = "sha256:3138159b26ca711991b87b4141e089ee5ce5fe7db4958612271fffd0d4209081" },
    { url = "https://mirrors.cloud.tencent.com/pypi/packages/2f/59/39e94a440624a954a6084898927df5fcc047bb726be55702c91655bfcbfc/time_machine-3.5.1-cp314-cp314t-macosx_10_15_x86_64.whl", hash = "sha256:2250eba37ebd82fe7235f13fc863f2ad21e02aa6fe3c9d3035acb4e82f321e38" },
    { url = "https://mirrors.cloud.tencent.com/pypi/packages/15/fb/4bf8ee92bef263359aa9490de65a2518ed5bc785410468ab91667d6a0f39/time_machine-3.5.1-cp314-cp314t-macosx_11_0_arm64.whl", hash = "sha256:b784ec07e978e7f504378302833ecb487b9007218fa5344c1346dd1be4904770" },
    { url = "https://mirrors.cloud.tencent.com/pypi/packages/21/02/49113f81a3400f23c8494c89beeea8dda73cc4a70b6a193cc0ec7bb3f111/time_machine-3.5.1-cp314-cp314t-manylinux1_x86_64.manylinux_2_28_x86_64.manylinux_2_5_x86_64.whl", hash = "sha256:b68b8f472ea34b4ad0e927777dc8aa49bfac77526571de40e358d1d5f5fa99bd" },
    { url = "https://mirrors.cloud.tencent.com/pypi/packages/12/32/1e34afcdec8afb135eab3304749d06e042c53974da547cb78ceaee2b2b0a/time_machine-3.5.1-cp314-cp314t-manylinux2014_aarch64.manylinux_2_17_aarch64.manylinux_2_28_aarch64.whl", hash = "sha256:a6b409d92cca522c0c1d0ce51894803dd2997054004c4d50273a1d748764749c" },
    { url = "https://mirrors.cloud.tencent.com/pypi/packages/04/95/bdaacbf58eee21eb14127702ff80fcc2e25c4938111fe948887507022f06/time_machine-3.5.1-cp314-cp314t-musllinux_1_2_aarch64.whl", hash = "sha256:fbf8272e461ea311b9feff10021b4a735d6c0076569fb860bda49358ac8b1dee" },
    { url = "https://mirrors.cloud.tencent.com/pypi/packages/1e/42/42c0796a8e1cd866fec78edb8ff1c6d360de26900f6fcdbe1dfe735acc7c/time_machine-3.5.1-cp314-cp314t-musllinux_1_2_x86_64.whl", hash = "sha256:ee142848d6f51e719d23d233ae381fb7f1db12bffee1dbd4ed7eba9e0d81ea39" },
    { url = "https://mirrors.cloud.tencent.com/pypi/packages/66/c9/482b603caee78c3a459f85118ef327795d41a5858914152eaffffbd64478/time_machine-3.5.1-cp314-cp314t-win_amd64.whl", hash = "sha256:759ec7a3d175ae3b468ec5b7e426a8d0d85f05e543e5aefa20dc99d95fd87535" },
    { url = "https://mirrors.cloud.tencent.com/pypi/packages/c8/1e/b2ddad5bfbc81691eb95caa11de00132222cd761d029be86fcc81e72d4ee/time_machine-3.5.1-cp314-cp314t-win_arm64.whl", hash = "sha256:66b1c8848794ac83551c643283497fd1ed9dff19b20e86e474fc15a8032e5886" },
    { url = "https://mirrors.cloud.tencent.com/pypi/packages/8e/3a/5c9a8cfc1f0bc6add00eed747196c9269a7cd2fd2d13f4f7ef3c65564f42/time_machine-3.5.1-cp315-cp315-macosx_10_15_x86_64.whl", hash = "sha256:f1baa36df51e750a9fae86f32dc8f92915ebd26dbebd4c61dda28ae46ab8faf7" },
    { url = "https://mirrors.cloud.tencent.com/pypi/packages/67/6a/b0f27d3831d440c91110319e7f2f733c32fa886ae6eae442d7f6e6a5bbc9/time_machine-3.5.1-cp315-cp315-macosx_11_0_arm64.whl", hash = "sha256:9f1704e632dd05d93b2c350e9b317ee138071ad7ce53f38e5e06b8543d0764c0" },
    { url = "https://mirrors.cloud.tencent.com/pypi/packages/76/2c/337bf3a7dda4e76e0689d2e10d9c9fb34694823b1a8cc6ad15d2c935b48a/time_machine-3.5.1-cp315-cp315-manylinux1_x86_64.manylinux_2_28_x86_64.manylinux_2_5_x86_64.whl", hash = "sha256:cf1b835219b61565bdc4e2bdb268b3f42a6b4443a0af4060260f65c7b3bdb781" },
    { url = "https://mirrors.cloud.tencent.com/pypi/packages/d7/20/c39de4198557c112d4fdb00d14c73ceef05280fedce9ef113265ac2b5c51/time_machine-3.5.1-cp315-cp315-manylinux2014_aarch64.manylinux_2_17_aarch64.manylinux_2_28_aarch64.whl", hash = "sha256:36c1b8790ab98103184d61866feb944589957fb30f9e6e05856012787ea3aea5" },
    { url = "https://mirrors.cloud.tencent.com/pypi/packages/37/78/031646e6af3f36c8311888ec4c460a073c5c52d08c163df3d58c629f809e/time_machine-3.5.1-cp315-cp315-musllinux_1_2_aarch64.whl", hash = "sha256:714b27fa2a2d0cde33fe363a42f3eb477078661fa0ecfae185de67e1c9348c1b" },
    { url = "https://mirrors.cloud.tencent.com/pypi/packages/04/87/8aba4a897e2d4bb29e786bdf6757d8ab77b2c37ba75f7e22526f619c3c5c/time_machine-3.5.1-cp315-cp315-musllinux_1_2_x86_64.whl", hash = "sha256:2f7315ea64cd81405ed17c4a9835d8762a28a1471dae709b5c7d8680cd5495a9" },
    { url = "https://mirrors.cloud.tencent.com/pypi/packages/c4/c1/880ee7847301111a8e7bb531410e56fd5af7969a929bb174a83f0e3c0fd1/time_machine-3.5.1-cp315-cp315-win_amd64.whl", hash = "sha256:a1e9423f9c03a8076d67c644c6d4dbe15f6bfc5174f928fa34a84ffb2fdbd7c6" },
    { url = "https://mirrors.cloud.tencent.com/pypi/packages/8b/15/075d9cd9c56de3ef331416dbd73639ba77f9108e5dcec64e046e85c9a947/time_machine-3.5.1-cp315-cp315-win_arm64.whl", hash = "sha256:73632a71eb038477a13212026f4ff26e0eb0208ee45268c345a9b97a5e102814" },
    { url = "https://mirrors.cloud.tencent.com/pypi/packages/05/86/b4b5a1a691f4572d5e45dd5a912f3daf0851a56af6b21814583147bd8025/time_machine-3.5.1-cp315-cp315t-macosx_10_15_x86_64.whl", hash = "sha256:5b1cd9c4429c2c4e341bee940166c59c030104afa6a99ba7053c118092dd9cff" },
    { url = "https://mirrors.cloud.tencent.com/pypi/packages/d1/22/6b618d2fceaf40c0963be7aa320063116abb9674cd4d8d862f01ff146a42/time_machine-3.5.1-cp315-cp315t-macosx_11_0_arm64.whl", hash = "sha256:63c3f74787b96066e737408d679a6a75b750e6de30c276609e99f13c0a12e271" },
    { url = "https://mirrors.cloud.tencent.com/pypi/packages/f2/a3/1618a4d85a4670d073ec15fae7a44a99defd30652e8a38fd785e135d9474/time_machine-3.5.1-cp315-cp315t-manylinux1_x86_64.manylinux_2_28_x86_64.manylinux_2_5_x86_64.whl", hash = "sha256:2f935a9beef5e31b7cd71ac600ded551c10a748177e679bbb2858b4aa907b509" },
    { url = "https://mirrors.cloud.tencent.com/pypi/packages/6b/75/d6ce2f9883240c512db3045e5ee4949f262e6d6ae22a00c2e20ee681dfbd/time_machine-3.5.1-cp315-cp315t-manylinux2014_aarch64.manylinux_2_17_aarch64.manylinux_2_28_aarch64.whl", hash = "sha256:3e00130b5305f3d06661a04734a7284c1445b454d22b7ff2b3bd534508fb8fcc" },
    { url = "https://mirrors.cloud.tencent.com/pypi/packages/7a/cd/a098587f4766f5d4310813a8a9a3ff9cc13edf3039cd8016b2dbaed0c4a1/time_machine-3.5.1-cp315-cp315t-musllinux_1_2_aarch64.whl", hash = "sha256:89d4a895af01d5fcef106e09d3b966be3fcb02b41bcbf901962b8bd37d65456c" },
    { url = "https://mirrors.cloud.tencent.com/pypi/packages/9d/04/783c797b2c33e10d4eb0fbf24b1ea4cffcc335d38cc931fc281b826a6e41/time_machine-3.5.1-cp315-cp315t-musllinux_1_2_x86_64.whl", hash = "sha256:d2f9761060f914802ed27797c3b311e992e13c5df3982c2450770d121a76803f" },
    { url = "https://mirrors.cloud.tencent.com/pypi/packages/e9/bf/78ac2f56be79300491ef775535a18230845abb0dc4283f30a95daaad9644/time_machine-3.5.1-cp315-cp315t-win_amd64.whl", hash = "sha256:fe970adb31deac67a6f7a1dee2a7a8d0cb4c8496a0dd87c7c6e2430fc767d565" },
    { url = "https://mirrors.cloud.tencent.com/pypi/packages/cc/35/86e1f95600a353361ae138268aa53cc2d17e6404801827d4ec09dc59b1af/time_machine-3.5.1-cp315-cp315t-win_arm64.whl", hash = "sha256:1990c1a3234d1df441ce084618b68d3c4a083f17dea4fd47adcf68d6668b507b" },
]

[[package]]
name = "ty"
version = "0.0.81"
source = { registry = "https://mirrors.cloud.tencent.com/pypi/simple" }
sdist = { url = "https://mirrors.cloud.tencent.com/pypi/packages/61/b7/c9d736f48585f5a711ea47bb97a353d3771834f89481d747ea9687b74fa9/ty-0.0.81.tar.gz", hash = "sha256:ef721aa649bf41d665ba86e1ea726fd3feab6800e2c4887a062a704baf304ca8" }
wheels = [
    { url = "https://mirrors.cloud.tencent.com/pypi/packages/6c/70/649a5ec8fd6cc9dfa731c905523b19e677ad36dd9dcc4fcadfed8235507f/ty-0.0.81-py3-none-linux_armv6l.whl", hash = "sha256:8e9e3dd6edb1462633ddba2bf337d1c05023a5a13c2f315e445565c7ad43d247" },
    { url = "https://mirrors.cloud.tencent.com/pypi/packages/b5/d0/3769b760918c3dde1bbaeee87422cd442fc550baadb5c8621e479b363282/ty-0.0.81-py3-none-macosx_10_12_x86_64.whl", hash = "sha256:649c350873e4b3e937d856512ee57b8a345d80079cbead73a5308c2cdafe594c" },
    { url = "https://mirrors.cloud.tencent.com/pypi/packages/f8/5f/b8fe3ab7eee87bbf1f5ff1b65c55526a3f31a9604630bc9e7d84199bbac5/ty-0.0.81-py3-none-macosx_11_0_arm64.whl", hash = "sha256:480c78706ba78239f901d68cf1ba53e98b84aa51e19b9241daa0fb62fdecd2e2" },
    { url = "https://mirrors.cloud.tencent.com/pypi/packages/7f/d8/ce22278014f14ae8205d2f9622696d39c623a0c9e80056c258bb89bb8322/ty-0.0.81-py3-none-manylinux_2_17_aarch64.manylinux2014_aarch64.whl", hash = "sha256:7cdbfa4b634b1d21542eedc11e424dedcc4871c2128d0d46b55b0089d3220492" },
    { url = "https://mirrors.cloud.tencent.com/pypi/packages/82/d0/4e75c61f6a241a0804f25117af4f91a5aaa4a48408b57f8d4c34d8a3d91e/ty-0.0.81-py3-none-manylinux_2_17_armv7l.manylinux2014_armv7l.whl", hash = "sha256:5f7a34743a21669d4f3d5fda98c36189cb4d9dceee1415a8a42d7426d55995db" },
    { url = "https://mirrors.cloud.tencent.com/pypi/packages/0b/02/e0b6b783418515c8ba40c13d5e333da9e0576a7a69582fc2b5831bb7d913/ty-0.0.81-py3-none-manylinux_2_17_i686.manylinux2014_i686.whl", hash = "sha256:742eab849947bc10b4c09810d37bd743afe9502e114b7bcfd6389f0ae3f425aa" },
    { url = "https://mirrors.cloud.tencent.com/pypi/packages/6b/af/85cb68d13ff617f2b213212d674e1266b933f2d051b63a1e5116e8ca0bfc/ty-0.0.81-py3-none-manylinux_2_17_ppc64le.manylinux2014_ppc64le.whl", hash = "sha256:2b4cef395eee7007449aa3fc3fc8dc6bc58fe7a8956d56db078569061741bf52" },
    { url = "https://mirrors.cloud.tencent.com/pypi/packages/24/c6/791891f3fa8fec91e9ec3e8c9d6774ab903297defe847a3e5d7e047360ad/ty-0.0.81-py3-none-manylinux_2_17_s390x.manylinux2014_s390x.whl", hash = "sha256:80cf8c34973a1da2ec2a043efcba8f4c0a984d45210957a8ddd2c16f2b8f8e85" },
    { url = "https://mirrors.cloud.tencent.com/pypi/packages/c7/b2/c9fba5b4ed7f63f26e83432fa2062ca04606b61dce7bbacc1238232af649/ty-0.0.81-py3-none-manylinux_2_17_x86_64.manylinux2014_x86_64.whl", hash = "sha256:f37a8f66c444eea29f17adfe0664f42062520773f18031fd4913f28eb56d2966" },
    { url = "https://mirrors.cloud.tencent.com/pypi/packages/77/e6/09c41e96bbcbe53dd18c9a1a6dbd2e456b0d03b94440a4bd9bab55a4e19a/ty-0.0.81-py3-none-manylinux_2_31_riscv64.whl", hash = "sha256:e8134cc03e84a27f409877b9b62053fd4aaac9c3ce0ce0fdace8b5ed58d78e04" },
    { url = "https://mirrors.cloud.tencent.com/pypi/packages/5b/d1/87eb8e01fb17602cde5911cbadb9b11141a04f728dbda0a2a00243f337ca/ty-0.0.81-py3-none-musllinux_1_2_aarch64.whl", hash = "sha256:fb6f269c5f14a07047e05cbf3d06dd9a64a048050f736afcf744a180a272f034" },
    { url = "https://mirrors.cloud.tencent.com/pypi/packages/94/3c/137ceb792858f408c48f20a066d12ee76108e5f28a13242720879c024172/ty-0.0.81-py3-none-musllinux_1_2_armv7l.whl", hash = "sha256:38355a5e6294ebd3cee616ed581d051963d61b293a1b3351c248747f73a45b74" },
    { url = "https://mirrors.cloud.tencent.com/pypi/packages/fe/0a/4a9b31fadfc80a2141f3862316eb31944843e01bc1f6533794291cce767e/ty-0.0.81-py3-none-musllinux_1_2_i686.whl", hash = "sha256:59a35e128a9831423aee19db804aa8a1358ee3ce615b3fc0dec20d40bfd0d733" },
    { url = "https://mirrors.cloud.tencent.com/pypi/packages/e3/16/dbcd2c10ab80b015a227110a4ec75314468b6720d800261098521df4eee9/ty-0.0.81-py3-none-musllinux_1_2_x86_64.whl", hash = "sha256:f0f4219fbc068ea3414fa804c6bd57ef4229a11884ab9ca71cd8308072520aad" },
    { url = "https://mirrors.cloud.tencent.com/pypi/packages/95/ba/a70ced0c0c078ff09a3a80224d045c4267d07811dbaf125c749af5f72606/ty-0.0.81-py3-none-win32.whl", hash = "sha256:82ff952e64ba4c4da1c0c89723e326c768ae4f9ff20624dee04a51c3f4e4b96c" },
    { url = "https://mirrors.cloud.tencent.com/pypi/packages/3f/51/4b79453df93dfb9edecb1bd6cb04e772277d8c7260693165358a033b6ed1/ty-0.0.81-py3-none-win_amd64.whl", hash = "sha256:ef82788744da0b7f2a598e4e9776f9c5998df4eef7e2750ae3a5537e7c734b69" },
    { url = "https://mirrors.cloud.tencent.com/pypi/packages/0a/56/09594d55a0c49543eeac149c0dbc80b9b04409cc26ca48f1c1a9595c0916/ty-0.0.81-py3-none-win_arm64.whl", hash = "sha256:bdb1563990c5d3abfe5a09e7512733f302773ede6a5d3e4e5c6ad46393d8df4d" },
]
